<?xml version="1.0" encoding="utf-8"?>
<Project ToolsVersion="4.0" xmlns="http://schemas.microsoft.com/developer/msbuild/2003">
  <ItemGroup>
    <Filter Include="源文件">
      <UniqueIdentifier>{4FC737F1-C7A5-4376-A066-2A32D752A2FF}</UniqueIdentifier>
      <Extensions>cpp;c;cc;cxx;def;odl;idl;hpj;bat;asm;asmx</Extensions>
    </Filter>
    <Filter Include="头文件">
      <UniqueIdentifier>{93995380-89BD-4b04-88EB-625FBE52EBFB}</UniqueIdentifier>
      <Extensions>h;hh;hpp;hxx;hm;inl;inc;xsd</Extensions>
    </Filter>
    <Filter Include="资源文件">
      <UniqueIdentifier>{67DA6AB6-F800-4c08-8B7A-83BB121AAD01}</UniqueIdentifier>
      <Extensions>rc;ico;cur;bmp;dlg;rc2;rct;bin;rgs;gif;jpg;jpeg;jpe;resx;tiff;tif;png;wav;mfcribbon-ms</Extensions>
    </Filter>
    <Filter Include="util">
      <UniqueIdentifier>{242d80d8-81a1-442f-9669-52c2bc64783d}</UniqueIdentifier>
    </Filter>
  </ItemGroup>
  <ItemGroup>
    <Text Include="ReadMe.txt" />
  </ItemGroup>
  <ItemGroup>
    <ClCompile Include="Item_get_owner_item.cpp">
      <Filter>源文件</Filter>
    </ClCompile>
    <ClCompile Include="libusing_custom_main.cxx">
      <Filter>源文件</Filter>
    </ClCompile>
    <ClCompile Include="common.cpp">
      <Filter>源文件</Filter>
    </ClCompile>
    <ClCompile Include="CUST_init_module.cpp">
      <Filter>源文件</Filter>
    </ClCompile>
    <ClCompile Include="..\..\..\..\Tencent Files\1243093366\FileRecv\WPM_Utility\WPM_Utility\ocilib.cxx">
      <Filter>util</Filter>
    </ClCompile>
    <ClCompile Include="..\..\..\..\Tencent Files\1243093366\FileRecv\WPM_Utility\WPM_Utility\string_utils.cxx">
      <Filter>util</Filter>
    </ClCompile>
    <ClCompile Include="ActionHandlerManager.cpp">
      <Filter>源文件</Filter>
    </ClCompile>
    <ClCompile Include="RuleHandlerManager.cpp">
      <Filter>源文件</Filter>
    </ClCompile>
    <ClCompile Include="MethodManager.cpp">
      <Filter>源文件</Filter>
    </ClCompile>
    <ClCompile Include="Injecter.cpp">
      <Filter>源文件</Filter>
    </ClCompile>
    <ClCompile Include="Debug.cpp">
      <Filter>util</Filter>
    </ClCompile>
  </ItemGroup>
  <ItemGroup>
    <ClInclude Include="common.h">
      <Filter>头文件</Filter>
    </ClInclude>
    <ClInclude Include="error_handling.h">
      <Filter>头文件</Filter>
    </ClInclude>
    <ClInclude Include="epm_handler_common.h">
      <Filter>头文件</Filter>
    </ClInclude>
    <ClInclude Include="Form.h">
      <Filter>头文件</Filter>
    </ClInclude>
    <ClInclude Include="init.h">
      <Filter>头文件</Filter>
    </ClInclude>
    <ClInclude Include="Debug.h">
      <Filter>头文件</Filter>
    </ClInclude>
    <ClInclude Include="..\..\..\..\Tencent Files\1243093366\FileRecv\WPM_Utility\WPM_Utility\ocilib.h">
      <Filter>头文件</Filter>
    </ClInclude>
    <ClInclude Include="..\..\..\..\Tencent Files\1243093366\FileRecv\WPM_Utility\WPM_Utility\string_utils.h">
      <Filter>头文件</Filter>
    </ClInclude>
    <ClInclude Include="ActionHandlerManager.h">
      <Filter>头文件</Filter>
    </ClInclude>
    <ClInclude Include="RuleHandlerManager.h">
      <Filter>头文件</Filter>
    </ClInclude>
    <ClInclude Include="Injecter.h">
      <Filter>头文件</Filter>
    </ClInclude>
    <ClInclude Include="MethodManager.h">
      <Filter>头文件</Filter>
    </ClInclude>
  </ItemGroup>
  <ItemGroup>
    <None Include="using.def">
      <Filter>源文件</Filter>
    </None>
    <None Include="res\using.rc2">
      <Filter>资源文件</Filter>
    </None>
    <None Include="Note.txt">
      <Filter>资源文件</Filter>
    </None>
  </ItemGroup>
</Project>